
Microsoft Visual Studio Solution File, Format Version 12.00
# Visual Studio Version 17
VisualStudioVersion = 17.4.33403.182
MinimumVisualStudioVersion = 10.0.40219.1
Project("{FAE04EC0-301F-11D3-BF4B-00C04F79EFBC}") = "HealthHub", "HealthHub\HealthHub.csproj", "{F8294992-8ECD-49B5-AF75-6203E3D1DBC9}"
EndProject
Global
	GlobalSection(SolutionConfigurationPlatforms) = preSolution
		Debug|Any CPU = Debug|Any CPU
		Release|Any CPU = Release|Any CPU
	EndGlobalSection
	GlobalSection(ProjectConfigurationPlatforms) = postSolution
		{F8294992-8ECD-49B5-AF75-6203E3D1DBC9}.Debug|Any CPU.ActiveCfg = Debug|Any CPU
		{F8294992-8ECD-49B5-AF75-6203E3D1DBC9}.Debug|Any CPU.Build.0 = Debug|Any CPU
		{F8294992-8ECD-49B5-AF75-6203E3D1DBC9}.Release|Any CPU.ActiveCfg = Release|Any CPU
		{F8294992-8ECD-49B5-AF75-6203E3D1DBC9}.Release|Any CPU.Build.0 = Release|Any CPU
	EndGlobalSection
	GlobalSection(SolutionProperties) = preSolution
		HideSolutionNode = FALSE
	EndGlobalSection
	GlobalSection(ExtensibilityGlobals) = postSolution
		SolutionGuid = {2B4C1BD0-B54F-4818-AD2F-506EF9FD01D2}
	EndGlobalSection
EndGlobal
